
Microsoft Visual Studio Solution File, Format Version 12.00
# Visual Studio Version 17
VisualStudioVersion = 17.4.33103.184
MinimumVisualStudioVersion = 10.0.40219.1
Project("{FAE04EC0-301F-11D3-BF4B-00C04F79EFBC}") = "Area_figures", "Area_figures.csproj", "{601165A0-C0A9-4483-8250-53467FBA7965}"
EndProject
Project("{FAE04EC0-301F-11D3-BF4B-00C04F79EFBC}") = "Area_figures.Tests", "..\Area_figures.Tests\Area_figures.Tests.csproj", "{EFC4872C-FDB9-4F10-BFE7-E635EAC6CF6F}"
EndProject
Global
	GlobalSection(SolutionConfigurationPlatforms) = preSolution
		Debug|Any CPU = Debug|Any CPU
		Release|Any CPU = Release|Any CPU
	EndGlobalSection
	GlobalSection(ProjectConfigurationPlatforms) = postSolution
		{601165A0-C0A9-4483-8250-53467FBA7965}.Debug|Any CPU.ActiveCfg = Debug|Any CPU
		{601165A0-C0A9-4483-8250-53467FBA7965}.Debug|Any CPU.Build.0 = Debug|Any CPU
		{601165A0-C0A9-4483-8250-53467FBA7965}.Release|Any CPU.ActiveCfg = Release|Any CPU
		{601165A0-C0A9-4483-8250-53467FBA7965}.Release|Any CPU.Build.0 = Release|Any CPU
		{EFC4872C-FDB9-4F10-BFE7-E635EAC6CF6F}.Debug|Any CPU.ActiveCfg = Debug|Any CPU
		{EFC4872C-FDB9-4F10-BFE7-E635EAC6CF6F}.Debug|Any CPU.Build.0 = Debug|Any CPU
		{EFC4872C-FDB9-4F10-BFE7-E635EAC6CF6F}.Release|Any CPU.ActiveCfg = Release|Any CPU
		{EFC4872C-FDB9-4F10-BFE7-E635EAC6CF6F}.Release|Any CPU.Build.0 = Release|Any CPU
	EndGlobalSection
	GlobalSection(SolutionProperties) = preSolution
		HideSolutionNode = FALSE
	EndGlobalSection
	GlobalSection(ExtensibilityGlobals) = postSolution
		SolutionGuid = {B8614428-6F93-456D-B287-2E83E8B2C2FA}
	EndGlobalSection
EndGlobal
